{
  "name": "p5.asciify",
  "version": "0.0.1",
  "lockfileVersion": 2,
  "requires": true,
  "packages": {
    "": {
      "name": "p5.asciify",
      "version": "0.0.1",
      "license": "MIT",
      "dependencies": {
        "p5": ">=1.7.0"
      },
      "devDependencies": {}
    },
    "node_modules/p5": {
      "version": "1.9.4",
      "resolved": "https://registry.npmjs.org/p5/-/p5-1.9.4.tgz",
      "integrity": "sha512-dhiZ9mvXx5pm8eRwml34xbeUwce4uS9Q2za0YOHg2p97N9iNAb5hTIHAt77CHKHXAh6A16u/oalz5egRfTyFWw=="
    }
  },
  "dependencies": {
    "p5": {
      "version": "1.9.4",
      "resolved": "https://registry.npmjs.org/p5/-/p5-1.9.4.tgz",
      "integrity": "sha512-dhiZ9mvXx5pm8eRwml34xbeUwce4uS9Q2za0YOHg2p97N9iNAb5hTIHAt77CHKHXAh6A16u/oalz5egRfTyFWw=="
    }
  }
}
